// !$*UTF8*$!
{
	archiveVersion = 1;
	classes = {
	};
	objectVersion = 56;
	objects = {

/* Begin PBXBuildFile section */
		FFD492962C7FA18F00AC6FEF /* Restuarant_ReviewsApp.swift in Sources */ = {isa = PBXBuildFile; fileRef = FFD492952C7FA18F00AC6FEF /* Restuarant_ReviewsApp.swift */; };
		FFD492982C7FA18F00AC6FEF /* ContentView.swift in Sources */ = {isa = PBXBuildFile; fileRef = FFD492972C7FA18F00AC6FEF /* ContentView.swift */; };
		FFD4929A2C7FA19000AC6FEF /* Assets.xcassets in Resources */ = {isa = PBXBuildFile; fileRef = FFD492992C7FA19000AC6FEF /* Assets.xcassets */; };
		FFD4929D2C7FA19000AC6FEF /* Preview Assets.xcassets in Resources */ = {isa = PBXBuildFile; fileRef = FFD4929C2C7FA19000AC6FEF /* Preview Assets.xcassets */; };
		FFD492A72C7FA19000AC6FEF /* Restuarant_ReviewsTests.swift in Sources */ = {isa = PBXBuildFile; fileRef = FFD492A62C7FA19000AC6FEF /* Restuarant_ReviewsTests.swift */; };
		FFD492B12C7FA19000AC6FEF /* Restuarant_ReviewsUITests.swift in Sources */ = {isa = PBXBuildFile; fileRef = FFD492B02C7FA19000AC6FEF /* Restuarant_ReviewsUITests.swift */; };
		FFD492B32C7FA19000AC6FEF /* Restuarant_ReviewsUITestsLaunchTests.swift in Sources */ = {isa = PBXBuildFile; fileRef = FFD492B22C7FA19000AC6FEF /* Restuarant_ReviewsUITestsLaunchTests.swift */; };
/* End PBXBuildFile section */

/* Begin PBXContainerItemProxy section */
		FFD492A32C7FA19000AC6FEF /* PBXContainerItemProxy */ = {
			isa = PBXContainerItemProxy;
			containerPortal = FFD4928A2C7FA18E00AC6FEF /* Project object */;
			proxyType = 1;
			remoteGlobalIDString = FFD492912C7FA18E00AC6FEF;
			remoteInfo = "Restuarant Reviews";
		};
		FFD492AD2C7FA19000AC6FEF /* PBXContainerItemProxy */ = {
			isa = PBXContainerItemProxy;
			containerPortal = FFD4928A2C7FA18E00AC6FEF /* Project object */;
			proxyType = 1;
			remoteGlobalIDString = FFD492912C7FA18E00AC6FEF;
			remoteInfo = "Restuarant Reviews";
		};
/* End PBXContainerItemProxy section */

/* Begin PBXFileReference section */
		FFD492922C7FA18F00AC6FEF /* Restuarant Reviews.app */ = {isa = PBXFileReference; explicitFileType = wrapper.application; includeInIndex = 0; path = "Restuarant Reviews.app"; sourceTree = BUILT_PRODUCTS_DIR; };
		FFD492952C7FA18F00AC6FEF /* Restuarant_ReviewsApp.swift */ = {isa = PBXFileReference; lastKnownFileType = sourcecode.swift; path = Restuarant_ReviewsApp.swift; sourceTree = "<group>"; };
		FFD492972C7FA18F00AC6FEF /* ContentView.swift */ = {isa = PBXFileReference; lastKnownFileType = sourcecode.swift; path = ContentView.swift; sourceTree = "<group>"; };
		FFD492992C7FA19000AC6FEF /* Assets.xcassets */ = {isa = PBXFileReference; lastKnownFileType = folder.assetcatalog; path = Assets.xcassets; sourceTree = "<group>"; };
		FFD4929C2C7FA19000AC6FEF /* Preview Assets.xcassets */ = {isa = PBXFileReference; lastKnownFileType = folder.assetcatalog; path = "Preview Assets.xcassets"; sourceTree = "<group>"; };
		FFD492A22C7FA19000AC6FEF /* Restuarant ReviewsTests.xctest */ = {isa = PBXFileReference; explicitFileType = wrapper.cfbundle; includeInIndex = 0; path = "Restuarant ReviewsTests.xctest"; sourceTree = BUILT_PRODUCTS_DIR; };
		FFD492A62C7FA19000AC6FEF /* Restuarant_ReviewsTests.swift */ = {isa = PBXFileReference; lastKnownFileType = sourcecode.swift; path = Restuarant_ReviewsTests.swift; sourceTree = "<group>"; };
		FFD492AC2C7FA19000AC6FEF /* Restuarant ReviewsUITests.xctest */ = {isa = PBXFileReference; explicitFileType = wrapper.cfbundle; includeInIndex = 0; path = "Restuarant ReviewsUITests.xctest"; sourceTree = BUILT_PRODUCTS_DIR; };
		FFD492B02C7FA19000AC6FEF /* Restuarant_ReviewsUITests.swift */ = {isa = PBXFileReference; lastKnownFileType = sourcecode.swift; path = Restuarant_ReviewsUITests.swift; sourceTree = "<group>"; };
		FFD492B22C7FA19000AC6FEF /* Restuarant_ReviewsUITestsLaunchTests.swift */ = {isa = PBXFileReference; lastKnownFileType = sourcecode.swift; path = Restuarant_ReviewsUITestsLaunchTests.swift; sourceTree = "<group>"; };
/* End PBXFileReference section */

/* Begin PBXFrameworksBuildPhase section */
		FFD4928F2C7FA18E00AC6FEF /* Frameworks */ = {
			isa = PBXFrameworksBuildPhase;
			buildActionMask = 2147483647;
			files = (
			);
			runOnlyForDeploymentPostprocessing = 0;
		};
		FFD4929F2C7FA19000AC6FEF /* Frameworks */ = {
			isa = PBXFrameworksBuildPhase;
			buildActionMask = 2147483647;
			files = (
			);
			runOnlyForDeploymentPostprocessing = 0;
		};
		FFD492A92C7FA19000AC6FEF /* Frameworks */ = {
			isa = PBXFrameworksBuildPhase;
			buildActionMask = 2147483647;
			files = (
			);
			runOnlyForDeploymentPostprocessing = 0;
		};
/* End PBXFrameworksBuildPhase section */

/* Begin PBXGroup section */
		FFD492892C7FA18E00AC6FEF = {
			isa = PBXGroup;
			children = (
				FFD492942C7FA18F00AC6FEF /* Restuarant Reviews */,
				FFD492A52C7FA19000AC6FEF /* Restuarant ReviewsTests */,
				FFD492AF2C7FA19000AC6FEF /* Restuarant ReviewsUITests */,
				FFD492932C7FA18F00AC6FEF /* Products */,
			);
			sourceTree = "<group>";
		};
		FFD492932C7FA18F00AC6FEF /* Products */ = {
			isa = PBXGroup;
			children = (
				FFD492922C7FA18F00AC6FEF /* Restuarant Reviews.app */,
				FFD492A22C7FA19000AC6FEF /* Restuarant ReviewsTests.xctest */,
				FFD492AC2C7FA19000AC6FEF /* Restuarant ReviewsUITests.xctest */,
			);
			name = Products;
			sourceTree = "<group>";
		};
		FFD492942C7FA18F00AC6FEF /* Restuarant Reviews */ = {
			isa = PBXGroup;
			children = (
				FFD492952C7FA18F00AC6FEF /* Restuarant_ReviewsApp.swift */,
				FFD492972C7FA18F00AC6FEF /* ContentView.swift */,
				FFD492992C7FA19000AC6FEF /* Assets.xcassets */,
				FFD4929B2C7FA19000AC6FEF /* Preview Content */,
			);
			path = "Restuarant Reviews";
			sourceTree = "<group>";
		};
		FFD4929B2C7FA19000AC6FEF /* Preview Content */ = {
			isa = PBXGroup;
			children = (
				FFD4929C2C7FA19000AC6FEF /* Preview Assets.xcassets */,
			);
			path = "Preview Content";
			sourceTree = "<group>";
		};
		FFD492A52C7FA19000AC6FEF /* Restuarant ReviewsTests */ = {
			isa = PBXGroup;
			children = (
				FFD492A62C7FA19000AC6FEF /* Restuarant_ReviewsTests.swift */,
			);
			path = "Restuarant ReviewsTests";
			sourceTree = "<group>";
		};
		FFD492AF2C7FA19000AC6FEF /* Restuarant ReviewsUITests */ = {
			isa = PBXGroup;
			children = (
				FFD492B02C7FA19000AC6FEF /* Restuarant_ReviewsUITests.swift */,
				FFD492B22C7FA19000AC6FEF /* Restuarant_ReviewsUITestsLaunchTests.swift */,
			);
			path = "Restuarant ReviewsUITests";
			sourceTree = "<group>";
		};
/* End PBXGroup section */

/* Begin PBXNativeTarget section */
		FFD492912C7FA18E00AC6FEF /* Restuarant Reviews */ = {
			isa = PBXNativeTarget;
			buildConfigurationList = FFD492B62C7FA19000AC6FEF /* Build configuration list for PBXNativeTarget "Restuarant Reviews" */;
			buildPhases = (
				FFD4928E2C7FA18E00AC6FEF /* Sources */,
				FFD4928F2C7FA18E00AC6FEF /* Frameworks */,
				FFD492902C7FA18E00AC6FEF /* Resources */,
			);
			buildRules = (
			);
			dependencies = (
			);
			name = "Restuarant Reviews";
			productName = "Restuarant Reviews";
			productReference = FFD492922C7FA18F00AC6FEF /* Restuarant Reviews.app */;
			productType = "com.apple.product-type.application";
		};
		FFD492A12C7FA19000AC6FEF /* Restuarant ReviewsTests */ = {
			isa = PBXNativeTarget;
			buildConfigurationList = FFD492B92C7FA19000AC6FEF /* Build configuration list for PBXNativeTarget "Restuarant ReviewsTests" */;
			buildPhases = (
				FFD4929E2C7FA19000AC6FEF /* Sources */,
				FFD4929F2C7FA19000AC6FEF /* Frameworks */,
				FFD492A02C7FA19000AC6FEF /* Resources */,
			);
			buildRules = (
			);
			dependencies = (
				FFD492A42C7FA19000AC6FEF /* PBXTargetDependency */,
			);
			name = "Restuarant ReviewsTests";
			productName = "Restuarant ReviewsTests";
			productReference = FFD492A22C7FA19000AC6FEF /* Restuarant ReviewsTests.xctest */;
			productType = "com.apple.product-type.bundle.unit-test";
		};
		FFD492AB2C7FA19000AC6FEF /* Restuarant ReviewsUITests */ = {
			isa = PBXNativeTarget;
			buildConfigurationList = FFD492BC2C7FA19000AC6FEF /* Build configuration list for PBXNativeTarget "Restuarant ReviewsUITests" */;
			buildPhases = (
				FFD492A82C7FA19000AC6FEF /* Sources */,
				FFD492A92C7FA19000AC6FEF /* Frameworks */,
				FFD492AA2C7FA19000AC6FEF /* Resources */,
			);
			buildRules = (
			);
			dependencies = (
				FFD492AE2C7FA19000AC6FEF /* PBXTargetDependency */,
			);
			name = "Restuarant ReviewsUITests";
			productName = "Restuarant ReviewsUITests";
			productReference = FFD492AC2C7FA19000AC6FEF /* Restuarant ReviewsUITests.xctest */;
			productType = "com.apple.product-type.bundle.ui-testing";
		};
/* End PBXNativeTarget section */

/* Begin PBXProject section */
		FFD4928A2C7FA18E00AC6FEF /* Project object */ = {
			isa = PBXProject;
			attributes = {
				BuildIndependentTargetsInParallel = 1;
				LastSwiftUpdateCheck = 1540;
				LastUpgradeCheck = 1540;
				TargetAttributes = {
					FFD492912C7FA18E00AC6FEF = {
						CreatedOnToolsVersion = 15.4;
					};
					FFD492A12C7FA19000AC6FEF = {
						CreatedOnToolsVersion = 15.4;
						TestTargetID = FFD492912C7FA18E00AC6FEF;
					};
					FFD492AB2C7FA19000AC6FEF = {
						CreatedOnToolsVersion = 15.4;
						TestTargetID = FFD492912C7FA18E00AC6FEF;
					};
				};
			};
			buildConfigurationList = FFD4928D2C7FA18E00AC6FEF /* Build configuration list for PBXProject "Restuarant Reviews" */;
			compatibilityVersion = "Xcode 14.0";
			developmentRegion = en;
			hasScannedForEncodings = 0;
			knownRegions = (
				en,
				Base,
			);
			mainGroup = FFD492892C7FA18E00AC6FEF;
			productRefGroup = FFD492932C7FA18F00AC6FEF /* Products */;
			projectDirPath = "";
			projectRoot = "";
			targets = (
				FFD492912C7FA18E00AC6FEF /* Restuarant Reviews */,
				FFD492A12C7FA19000AC6FEF /* Restuarant ReviewsTests */,
				FFD492AB2C7FA19000AC6FEF /* Restuarant ReviewsUITests */,
			);
		};
/* End PBXProject section */

/* Begin PBXResourcesBuildPhase section */
		FFD492902C7FA18E00AC6FEF /* Resources */ = {
			isa = PBXResourcesBuildPhase;
			buildActionMask = 2147483647;
			files = (
				FFD4929D2C7FA19000AC6FEF /* Preview Assets.xcassets in Resources */,
				FFD4929A2C7FA19000AC6FEF /* Assets.xcassets in Resources */,
			);
			runOnlyForDeploymentPostprocessing = 0;
		};
		FFD492A02C7FA19000AC6FEF /* Resources */ = {
			isa = PBXResourcesBuildPhase;
			buildActionMask = 2147483647;
			files = (
			);
			runOnlyForDeploymentPostprocessing = 0;
		};
		FFD492AA2C7FA19000AC6FEF /* Resources */ = {
			isa = PBXResourcesBuildPhase;
			buildActionMask = 2147483647;
			files = (
			);
			runOnlyForDeploymentPostprocessing = 0;
		};
/* End PBXResourcesBuildPhase section */

/* Begin PBXSourcesBuildPhase section */
		FFD4928E2C7FA18E00AC6FEF /* Sources */ = {
			isa = PBXSourcesBuildPhase;
			buildActionMask = 2147483647;
			files = (
				FFD492982C7FA18F00AC6FEF /* ContentView.swift in Sources */,
				FFD492962C7FA18F00AC6FEF /* Restuarant_ReviewsApp.swift in Sources */,
			);
			runOnlyForDeploymentPostprocessing = 0;
		};
		FFD4929E2C7FA19000AC6FEF /* Sources */ = {
			isa = PBXSourcesBuildPhase;
			buildActionMask = 2147483647;
			files = (
				FFD492A72C7FA19000AC6FEF /* Restuarant_ReviewsTests.swift in Sources */,
			);
			runOnlyForDeploymentPostprocessing = 0;
		};
		FFD492A82C7FA19000AC6FEF /* Sources */ = {
			isa = PBXSourcesBuildPhase;
			buildActionMask = 2147483647;
			files = (
				FFD492B12C7FA19000AC6FEF /* Restuarant_ReviewsUITests.swift in Sources */,
				FFD492B32C7FA19000AC6FEF /* Restuarant_ReviewsUITestsLaunchTests.swift in Sources */,
			);
			runOnlyForDeploymentPostprocessing = 0;
		};
/* End PBXSourcesBuildPhase section */

/* Begin PBXTargetDependency section */
		FFD492A42C7FA19000AC6FEF /* PBXTargetDependency */ = {
			isa = PBXTargetDependency;
			target = FFD492912C7FA18E00AC6FEF /* Restuarant Reviews */;
			targetProxy = FFD492A32C7FA19000AC6FEF /* PBXContainerItemProxy */;
		};
		FFD492AE2C7FA19000AC6FEF /* PBXTargetDependency */ = {
			isa = PBXTargetDependency;
			target = FFD492912C7FA18E00AC6FEF /* Restuarant Reviews */;
			targetProxy = FFD492AD2C7FA19000AC6FEF /* PBXContainerItemProxy */;
		};
/* End PBXTargetDependency section */

/* Begin XCBuildConfiguration section */
		FFD492B42C7FA19000AC6FEF /* Debug */ = {
			isa = XCBuildConfiguration;
			buildSettings = {
				ALWAYS_SEARCH_USER_PATHS = NO;
				ASSETCATALOG_COMPILER_GENERATE_SWIFT_ASSET_SYMBOL_EXTENSIONS = YES;
				CLANG_ANALYZER_NONNULL = YES;
				CLANG_ANALYZER_NUMBER_OBJECT_CONVERSION = YES_AGGRESSIVE;
				CLANG_CXX_LANGUAGE_STANDARD = "gnu++20";
				CLANG_ENABLE_MODULES = YES;
				CLANG_ENABLE_OBJC_ARC = YES;
				CLANG_ENABLE_OBJC_WEAK = YES;
				CLANG_WARN_BLOCK_CAPTURE_AUTORELEASING = YES;
				CLANG_WARN_BOOL_CONVERSION = YES;
				CLANG_WARN_COMMA = YES;
				CLANG_WARN_CONSTANT_CONVERSION = YES;
				CLANG_WARN_DEPRECATED_OBJC_IMPLEMENTATIONS = YES;
				CLANG_WARN_DIRECT_OBJC_ISA_USAGE = YES_ERROR;
				CLANG_WARN_DOCUMENTATION_COMMENTS = YES;
				CLANG_WARN_EMPTY_BODY = YES;
				CLANG_WARN_ENUM_CONVERSION = YES;
				CLANG_WARN_INFINITE_RECURSION = YES;
				CLANG_WARN_INT_CONVERSION = YES;
				CLANG_WARN_NON_LITERAL_NULL_CONVERSION = YES;
				CLANG_WARN_OBJC_IMPLICIT_RETAIN_SELF = YES;
				CLANG_WARN_OBJC_LITERAL_CONVERSION = YES;
				CLANG_WARN_OBJC_ROOT_CLASS = YES_ERROR;
				CLANG_WARN_QUOTED_INCLUDE_IN_FRAMEWORK_HEADER = YES;
				CLANG_WARN_RANGE_LOOP_ANALYSIS = YES;
				CLANG_WARN_STRICT_PROTOTYPES = YES;
				CLANG_WARN_SUSPICIOUS_MOVE = YES;
				CLANG_WARN_UNGUARDED_AVAILABILITY = YES_AGGRESSIVE;
				CLANG_WARN_UNREACHABLE_CODE = YES;
				CLANG_WARN__DUPLICATE_METHOD_MATCH = YES;
				COPY_PHASE_STRIP = NO;
				DEBUG_INFORMATION_FORMAT = dwarf;
				ENABLE_STRICT_OBJC_MSGSEND = YES;
				ENABLE_TESTABILITY = YES;
				ENABLE_USER_SCRIPT_SANDBOXING = YES;
				GCC_C_LANGUAGE_STANDARD = gnu17;
				GCC_DYNAMIC_NO_PIC = NO;
				GCC_NO_COMMON_BLOCKS = YES;
				GCC_OPTIMIZATION_LEVEL = 0;
				GCC_PREPROCESSOR_DEFINITIONS = (
					"DEBUG=1",
					"$(inherited)",
				);
				GCC_WARN_64_TO_32_BIT_CONVERSION = YES;
				GCC_WARN_ABOUT_RETURN_TYPE = YES_ERROR;
				GCC_WARN_UNDECLARED_SELECTOR = YES;
				GCC_WARN_UNINITIALIZED_AUTOS = YES_AGGRESSIVE;
				GCC_WARN_UNUSED_FUNCTION = YES;
				GCC_WARN_UNUSED_VARIABLE = YES;
				IPHONEOS_DEPLOYMENT_TARGET = 17.5;
				LOCALIZATION_PREFERS_STRING_CATALOGS = YES;
				MTL_ENABLE_DEBUG_INFO = INCLUDE_SOURCE;
				MTL_FAST_MATH = YES;
				ONLY_ACTIVE_ARCH = YES;
				SDKROOT = iphoneos;
				SWIFT_ACTIVE_COMPILATION_CONDITIONS = "DEBUG $(inherited)";
				SWIFT_OPTIMIZATION_LEVEL = "-Onone";
			};
			name = Debug;
		};
		FFD492B52C7FA19000AC6FEF /* Release */ = {
			isa = XCBuildConfiguration;
			buildSettings = {
				ALWAYS_SEARCH_USER_PATHS = NO;
				ASSETCATALOG_COMPILER_GENERATE_SWIFT_ASSET_SYMBOL_EXTENSIONS = YES;
				CLANG_ANALYZER_NONNULL = YES;
				CLANG_ANALYZER_NUMBER_OBJECT_CONVERSION = YES_AGGRESSIVE;
				CLANG_CXX_LANGUAGE_STANDARD = "gnu++20";
				CLANG_ENABLE_MODULES = YES;
				CLANG_ENABLE_OBJC_ARC = YES;
				CLANG_ENABLE_OBJC_WEAK = YES;
				CLANG_WARN_BLOCK_CAPTURE_AUTORELEASING = YES;
				CLANG_WARN_BOOL_CONVERSION = YES;
				CLANG_WARN_COMMA = YES;
				CLANG_WARN_CONSTANT_CONVERSION = YES;
				CLANG_WARN_DEPRECATED_OBJC_IMPLEMENTATIONS = YES;
				CLANG_WARN_DIRECT_OBJC_ISA_USAGE = YES_ERROR;
				CLANG_WARN_DOCUMENTATION_COMMENTS = YES;
				CLANG_WARN_EMPTY_BODY = YES;
				CLANG_WARN_ENUM_CONVERSION = YES;
				CLANG_WARN_INFINITE_RECURSION = YES;
				CLANG_WARN_INT_CONVERSION = YES;
				CLANG_WARN_NON_LITERAL_NULL_CONVERSION = YES;
				CLANG_WARN_OBJC_IMPLICIT_RETAIN_SELF = YES;
				CLANG_WARN_OBJC_LITERAL_CONVERSION = YES;
				CLANG_WARN_OBJC_ROOT_CLASS = YES_ERROR;
				CLANG_WARN_QUOTED_INCLUDE_IN_FRAMEWORK_HEADER = YES;
				CLANG_WARN_RANGE_LOOP_ANALYSIS = YES;
				CLANG_WARN_STRICT_PROTOTYPES = YES;
				CLANG_WARN_SUSPICIOUS_MOVE = YES;
				CLANG_WARN_UNGUARDED_AVAILABILITY = YES_AGGRESSIVE;
				CLANG_WARN_UNREACHABLE_CODE = YES;
				CLANG_WARN__DUPLICATE_METHOD_MATCH = YES;
				COPY_PHASE_STRIP = NO;
				DEBUG_INFORMATION_FORMAT = "dwarf-with-dsym";
				ENABLE_NS_ASSERTIONS = NO;
				ENABLE_STRICT_OBJC_MSGSEND = YES;
				ENABLE_USER_SCRIPT_SANDBOXING = YES;
				GCC_C_LANGUAGE_STANDARD = gnu17;
				GCC_NO_COMMON_BLOCKS = YES;
				GCC_WARN_64_TO_32_BIT_CONVERSION = YES;
				GCC_WARN_ABOUT_RETURN_TYPE = YES_ERROR;
				GCC_WARN_UNDECLARED_SELECTOR = YES;
				GCC_WARN_UNINITIALIZED_AUTOS = YES_AGGRESSIVE;
				GCC_WARN_UNUSED_FUNCTION = YES;
				GCC_WARN_UNUSED_VARIABLE = YES;
				IPHONEOS_DEPLOYMENT_TARGET = 17.5;
				LOCALIZATION_PREFERS_STRING_CATALOGS = YES;
				MTL_ENABLE_DEBUG_INFO = NO;
				MTL_FAST_MATH = YES;
				SDKROOT = iphoneos;
				SWIFT_COMPILATION_MODE = wholemodule;
				VALIDATE_PRODUCT = YES;
			};
			name = Release;
		};
		FFD492B72C7FA19000AC6FEF /* Debug */ = {
			isa = XCBuildConfiguration;
			buildSettings = {
				ASSETCATALOG_COMPILER_APPICON_NAME = AppIcon;
				ASSETCATALOG_COMPILER_GLOBAL_ACCENT_COLOR_NAME = AccentColor;
				CODE_SIGN_STYLE = Automatic;
				CURRENT_PROJECT_VERSION = 1;
				DEVELOPMENT_ASSET_PATHS = "\"Restuarant Reviews/Preview Content\"";
				DEVELOPMENT_TEAM = 6B8SVZ728W;
				ENABLE_PREVIEWS = YES;
				GENERATE_INFOPLIST_FILE = YES;
				INFOPLIST_KEY_UIApplicationSceneManifest_Generation = YES;
				INFOPLIST_KEY_UIApplicationSupportsIndirectInputEvents = YES;
				INFOPLIST_KEY_UILaunchScreen_Generation = YES;
				INFOPLIST_KEY_UISupportedInterfaceOrientations_iPad = "UIInterfaceOrientationPortrait UIInterfaceOrientationPortraitUpsideDown UIInterfaceOrientationLandscapeLeft UIInterfaceOrientationLandscapeRight";
				INFOPLIST_KEY_UISupportedInterfaceOrientations_iPhone = "UIInterfaceOrientationPortrait UIInterfaceOrientationLandscapeLeft UIInterfaceOrientationLandscapeRight";
				LD_RUNPATH_SEARCH_PATHS = (
					"$(inherited)",
					"@executable_path/Frameworks",
				);
				MARKETING_VERSION = 1.0;
				PRODUCT_BUNDLE_IDENTIFIER = "edu.cedarville.itm3300.ehall260.Restuarant-Reviews";
				PRODUCT_NAME = "$(TARGET_NAME)";
				SWIFT_EMIT_LOC_STRINGS = YES;
				SWIFT_VERSION = 5.0;
				TARGETED_DEVICE_FAMILY = "1,2";
			};
			name = Debug;
		};
		FFD492B82C7FA19000AC6FEF /* Release */ = {
			isa = XCBuildConfiguration;
			buildSettings = {
				ASSETCATALOG_COMPILER_APPICON_NAME = AppIcon;
				ASSETCATALOG_COMPILER_GLOBAL_ACCENT_COLOR_NAME = AccentColor;
				CODE_SIGN_STYLE = Automatic;
				CURRENT_PROJECT_VERSION = 1;
				DEVELOPMENT_ASSET_PATHS = "\"Restuarant Reviews/Preview Content\"";
				DEVELOPMENT_TEAM = 6B8SVZ728W;
				ENABLE_PREVIEWS = YES;
				GENERATE_INFOPLIST_FILE = YES;
				INFOPLIST_KEY_UIApplicationSceneManifest_Generation = YES;
				INFOPLIST_KEY_UIApplicationSupportsIndirectInputEvents = YES;
				INFOPLIST_KEY_UILaunchScreen_Generation = YES;
				INFOPLIST_KEY_UISupportedInterfaceOrientations_iPad = "UIInterfaceOrientationPortrait UIInterfaceOrientationPortraitUpsideDown UIInterfaceOrientationLandscapeLeft UIInterfaceOrientationLandscapeRight";
				INFOPLIST_KEY_UISupportedInterfaceOrientations_iPhone = "UIInterfaceOrientationPortrait UIInterfaceOrientationLandscapeLeft UIInterfaceOrientationLandscapeRight";
				LD_RUNPATH_SEARCH_PATHS = (
					"$(inherited)",
					"@executable_path/Frameworks",
				);
				MARKETING_VERSION = 1.0;
				PRODUCT_BUNDLE_IDENTIFIER = "edu.cedarville.itm3300.ehall260.Restuarant-Reviews";
				PRODUCT_NAME = "$(TARGET_NAME)";
				SWIFT_EMIT_LOC_STRINGS = YES;
				SWIFT_VERSION = 5.0;
				TARGETED_DEVICE_FAMILY = "1,2";
			};
			name = Release;
		};
		FFD492BA2C7FA19000AC6FEF /* Debug */ = {
			isa = XCBuildConfiguration;
			buildSettings = {
				ALWAYS_EMBED_SWIFT_STANDARD_LIBRARIES = YES;
				BUNDLE_LOADER = "$(TEST_HOST)";
				CODE_SIGN_STYLE = Automatic;
				CURRENT_PROJECT_VERSION = 1;
				DEVELOPMENT_TEAM = 6B8SVZ728W;
				GENERATE_INFOPLIST_FILE = YES;
				IPHONEOS_DEPLOYMENT_TARGET = 17.5;
				MARKETING_VERSION = 1.0;
				PRODUCT_BUNDLE_IDENTIFIER = "edu.cedarville.itm3300.ehall260.Restuarant-ReviewsTests";
				PRODUCT_NAME = "$(TARGET_NAME)";
				SWIFT_EMIT_LOC_STRINGS = NO;
				SWIFT_VERSION = 5.0;
				TARGETED_DEVICE_FAMILY = "1,2";
				TEST_HOST = "$(BUILT_PRODUCTS_DIR)/Restuarant Reviews.app/$(BUNDLE_EXECUTABLE_FOLDER_PATH)/Restuarant Reviews";
			};
			name = Debug;
		};
		FFD492BB2C7FA19000AC6FEF /* Release */ = {
			isa = XCBuildConfiguration;
			buildSettings = {
				ALWAYS_EMBED_SWIFT_STANDARD_LIBRARIES = YES;
				BUNDLE_LOADER = "$(TEST_HOST)";
				CODE_SIGN_STYLE = Automatic;
				CURRENT_PROJECT_VERSION = 1;
				DEVELOPMENT_TEAM = 6B8SVZ728W;
				GENERATE_INFOPLIST_FILE = YES;
				IPHONEOS_DEPLOYMENT_TARGET = 17.5;
				MARKETING_VERSION = 1.0;
				PRODUCT_BUNDLE_IDENTIFIER = "edu.cedarville.itm3300.ehall260.Restuarant-ReviewsTests";
				PRODUCT_NAME = "$(TARGET_NAME)";
				SWIFT_EMIT_LOC_STRINGS = NO;
				SWIFT_VERSION = 5.0;
				TARGETED_DEVICE_FAMILY = "1,2";
				TEST_HOST = "$(BUILT_PRODUCTS_DIR)/Restuarant Reviews.app/$(BUNDLE_EXECUTABLE_FOLDER_PATH)/Restuarant Reviews";
			};
			name = Release;
		};
		FFD492BD2C7FA19000AC6FEF /* Debug */ = {
			isa = XCBuildConfiguration;
			buildSettings = {
				ALWAYS_EMBED_SWIFT_STANDARD_LIBRARIES = YES;
				CODE_SIGN_STYLE = Automatic;
				CURRENT_PROJECT_VERSION = 1;
				DEVELOPMENT_TEAM = 6B8SVZ728W;
				GENERATE_INFOPLIST_FILE = YES;
				MARKETING_VERSION = 1.0;
				PRODUCT_BUNDLE_IDENTIFIER = "edu.cedarville.itm3300.ehall260.Restuarant-ReviewsUITests";
				PRODUCT_NAME = "$(TARGET_NAME)";
				SWIFT_EMIT_LOC_STRINGS = NO;
				SWIFT_VERSION = 5.0;
				TARGETED_DEVICE_FAMILY = "1,2";
				TEST_TARGET_NAME = "Restuarant Reviews";
			};
			name = Debug;
		};
		FFD492BE2C7FA19000AC6FEF /* Release */ = {
			isa = XCBuildConfiguration;
			buildSettings = {
				ALWAYS_EMBED_SWIFT_STANDARD_LIBRARIES = YES;
				CODE_SIGN_STYLE = Automatic;
				CURRENT_PROJECT_VERSION = 1;
				DEVELOPMENT_TEAM = 6B8SVZ728W;
				GENERATE_INFOPLIST_FILE = YES;
				MARKETING_VERSION = 1.0;
				PRODUCT_BUNDLE_IDENTIFIER = "edu.cedarville.itm3300.ehall260.Restuarant-ReviewsUITests";
				PRODUCT_NAME = "$(TARGET_NAME)";
				SWIFT_EMIT_LOC_STRINGS = NO;
				SWIFT_VERSION = 5.0;
				TARGETED_DEVICE_FAMILY = "1,2";
				TEST_TARGET_NAME = "Restuarant Reviews";
			};
			name = Release;
		};
/* End XCBuildConfiguration section */

/* Begin XCConfigurationList section */
		FFD4928D2C7FA18E00AC6FEF /* Build configuration list for PBXProject "Restuarant Reviews" */ = {
			isa = XCConfigurationList;
			buildConfigurations = (
				FFD492B42C7FA19000AC6FEF /* Debug */,
				FFD492B52C7FA19000AC6FEF /* Release */,
			);
			defaultConfigurationIsVisible = 0;
			defaultConfigurationName = Release;
		};
		FFD492B62C7FA19000AC6FEF /* Build configuration list for PBXNativeTarget "Restuarant Reviews" */ = {
			isa = XCConfigurationList;
			buildConfigurations = (
				FFD492B72C7FA19000AC6FEF /* Debug */,
				FFD492B82C7FA19000AC6FEF /* Release */,
			);
			defaultConfigurationIsVisible = 0;
			defaultConfigurationName = Release;
		};
		FFD492B92C7FA19000AC6FEF /* Build configuration list for PBXNativeTarget "Restuarant ReviewsTests" */ = {
			isa = XCConfigurationList;
			buildConfigurations = (
				FFD492BA2C7FA19000AC6FEF /* Debug */,
				FFD492BB2C7FA19000AC6FEF /* Release */,
			);
			defaultConfigurationIsVisible = 0;
			defaultConfigurationName = Release;
		};
		FFD492BC2C7FA19000AC6FEF /* Build configuration list for PBXNativeTarget "Restuarant ReviewsUITests" */ = {
			isa = XCConfigurationList;
			buildConfigurations = (
				FFD492BD2C7FA19000AC6FEF /* Debug */,
				FFD492BE2C7FA19000AC6FEF /* Release */,
			);
			defaultConfigurationIsVisible = 0;
			defaultConfigurationName = Release;
		};
/* End XCConfigurationList section */
	};
	rootObject = FFD4928A2C7FA18E00AC6FEF /* Project object */;
}
